
Microsoft Visual Studio Solution File, Format Version 12.00
# Visual Studio Version 17
VisualStudioVersion = 17.14.36408.4
MinimumVisualStudioVersion = 10.0.40219.1
Project("{FAE04EC0-301F-11D3-BF4B-00C04F79EFBC}") = "ObligOppgave1", "ObligOppgave1\ObligOppgave1.csproj", "{AB46EA22-FCEB-4EF9-9141-2936815BD10C}"
EndProject
Project("{FAE04EC0-301F-11D3-BF4B-00C04F79EFBC}") = "ObligOppgave1Tests", "ObligOppgave1Tests\ObligOppgave1Tests.csproj", "{208DE96E-314B-40BF-8C1D-483B01ECBE97}"
EndProject
Global
	GlobalSection(SolutionConfigurationPlatforms) = preSolution
		Debug|Any CPU = Debug|Any CPU
		Release|Any CPU = Release|Any CPU
	EndGlobalSection
	GlobalSection(ProjectConfigurationPlatforms) = postSolution
		{AB46EA22-FCEB-4EF9-9141-2936815BD10C}.Debug|Any CPU.ActiveCfg = Debug|Any CPU
		{AB46EA22-FCEB-4EF9-9141-2936815BD10C}.Debug|Any CPU.Build.0 = Debug|Any CPU
		{AB46EA22-FCEB-4EF9-9141-2936815BD10C}.Release|Any CPU.ActiveCfg = Release|Any CPU
		{AB46EA22-FCEB-4EF9-9141-2936815BD10C}.Release|Any CPU.Build.0 = Release|Any CPU
		{208DE96E-314B-40BF-8C1D-483B01ECBE97}.Debug|Any CPU.ActiveCfg = Debug|Any CPU
		{208DE96E-314B-40BF-8C1D-483B01ECBE97}.Debug|Any CPU.Build.0 = Debug|Any CPU
		{208DE96E-314B-40BF-8C1D-483B01ECBE97}.Release|Any CPU.ActiveCfg = Release|Any CPU
		{208DE96E-314B-40BF-8C1D-483B01ECBE97}.Release|Any CPU.Build.0 = Release|Any CPU
	EndGlobalSection
	GlobalSection(SolutionProperties) = preSolution
		HideSolutionNode = FALSE
	EndGlobalSection
	GlobalSection(ExtensibilityGlobals) = postSolution
		SolutionGuid = {34391C3D-4C76-42F9-8D1D-63CD960D1562}
	EndGlobalSection
EndGlobal
